
Microsoft Visual Studio Solution File, Format Version 12.00
# Visual Studio Version 16
VisualStudioVersion = 16.0.30128.74
MinimumVisualStudioVersion = 10.0.40219.1
Project("{9A19103F-16F7-4668-BE54-9A1E7A4F7556}") = "WebApiJwtProj1", "TestApplcationRestApi\WebApiJwtProj1.csproj", "{8751AF70-8F41-49D7-BFEE-323554A9D4F6}"
EndProject
Project("{9A19103F-16F7-4668-BE54-9A1E7A4F7556}") = "DAL", "DAL\DAL.csproj", "{FDB065E4-B2DD-4ACF-A902-0F451ADCBDEC}"
EndProject
Project("{9A19103F-16F7-4668-BE54-9A1E7A4F7556}") = "BL", "BL\BL.csproj", "{6A352327-D187-4AB5-A440-EE3A1675F43B}"
EndProject
Project("{9A19103F-16F7-4668-BE54-9A1E7A4F7556}") = "Common", "Common\Common.csproj", "{66A6446A-E4B5-44B9-9DF9-AFCC98341126}"
EndProject
Project("{FAE04EC0-301F-11D3-BF4B-00C04F79EFBC}") = "Infrastructure", "Infrastructure\Infrastructure.csproj", "{411D00B6-FD34-452F-AA4B-A20FA7E997BC}"
EndProject
Global
	GlobalSection(SolutionConfigurationPlatforms) = preSolution
		Debug|Any CPU = Debug|Any CPU
		Release|Any CPU = Release|Any CPU
	EndGlobalSection
	GlobalSection(ProjectConfigurationPlatforms) = postSolution
		{8751AF70-8F41-49D7-BFEE-323554A9D4F6}.Debug|Any CPU.ActiveCfg = Debug|Any CPU
		{8751AF70-8F41-49D7-BFEE-323554A9D4F6}.Debug|Any CPU.Build.0 = Debug|Any CPU
		{8751AF70-8F41-49D7-BFEE-323554A9D4F6}.Release|Any CPU.ActiveCfg = Release|Any CPU
		{8751AF70-8F41-49D7-BFEE-323554A9D4F6}.Release|Any CPU.Build.0 = Release|Any CPU
		{FDB065E4-B2DD-4ACF-A902-0F451ADCBDEC}.Debug|Any CPU.ActiveCfg = Debug|Any CPU
		{FDB065E4-B2DD-4ACF-A902-0F451ADCBDEC}.Debug|Any CPU.Build.0 = Debug|Any CPU
		{FDB065E4-B2DD-4ACF-A902-0F451ADCBDEC}.Release|Any CPU.ActiveCfg = Release|Any CPU
		{FDB065E4-B2DD-4ACF-A902-0F451ADCBDEC}.Release|Any CPU.Build.0 = Release|Any CPU
		{6A352327-D187-4AB5-A440-EE3A1675F43B}.Debug|Any CPU.ActiveCfg = Debug|Any CPU
		{6A352327-D187-4AB5-A440-EE3A1675F43B}.Debug|Any CPU.Build.0 = Debug|Any CPU
		{6A352327-D187-4AB5-A440-EE3A1675F43B}.Release|Any CPU.ActiveCfg = Release|Any CPU
		{6A352327-D187-4AB5-A440-EE3A1675F43B}.Release|Any CPU.Build.0 = Release|Any CPU
		{66A6446A-E4B5-44B9-9DF9-AFCC98341126}.Debug|Any CPU.ActiveCfg = Debug|Any CPU
		{66A6446A-E4B5-44B9-9DF9-AFCC98341126}.Debug|Any CPU.Build.0 = Debug|Any CPU
		{66A6446A-E4B5-44B9-9DF9-AFCC98341126}.Release|Any CPU.ActiveCfg = Release|Any CPU
		{66A6446A-E4B5-44B9-9DF9-AFCC98341126}.Release|Any CPU.Build.0 = Release|Any CPU
		{411D00B6-FD34-452F-AA4B-A20FA7E997BC}.Debug|Any CPU.ActiveCfg = Debug|Any CPU
		{411D00B6-FD34-452F-AA4B-A20FA7E997BC}.Debug|Any CPU.Build.0 = Debug|Any CPU
		{411D00B6-FD34-452F-AA4B-A20FA7E997BC}.Release|Any CPU.ActiveCfg = Release|Any CPU
		{411D00B6-FD34-452F-AA4B-A20FA7E997BC}.Release|Any CPU.Build.0 = Release|Any CPU
	EndGlobalSection
	GlobalSection(SolutionProperties) = preSolution
		HideSolutionNode = FALSE
	EndGlobalSection
	GlobalSection(ExtensibilityGlobals) = postSolution
		SolutionGuid = {D0B981CA-BE9D-427B-9025-38AD6283C099}
	EndGlobalSection
EndGlobal
